
Microsoft Visual Studio Solution File, Format Version 12.00
# Visual Studio 15
VisualStudioVersion = 15.0.28010.2048
MinimumVisualStudioVersion = 10.0.40219.1
Project("{FAE04EC0-301F-11D3-BF4B-00C04F79EFBC}") = "IntArrayManipulation", "IntArrayManipulation\IntArrayManipulation.csproj", "{436550DC-D6CC-46B9-AB05-B7DF997AB418}"
EndProject
Global
	GlobalSection(SolutionConfigurationPlatforms) = preSolution
		Debug|Any CPU = Debug|Any CPU
		Release|Any CPU = Release|Any CPU
	EndGlobalSection
	GlobalSection(ProjectConfigurationPlatforms) = postSolution
		{436550DC-D6CC-46B9-AB05-B7DF997AB418}.Debug|Any CPU.ActiveCfg = Debug|Any CPU
		{436550DC-D6CC-46B9-AB05-B7DF997AB418}.Debug|Any CPU.Build.0 = Debug|Any CPU
		{436550DC-D6CC-46B9-AB05-B7DF997AB418}.Release|Any CPU.ActiveCfg = Release|Any CPU
		{436550DC-D6CC-46B9-AB05-B7DF997AB418}.Release|Any CPU.Build.0 = Release|Any CPU
	EndGlobalSection
	GlobalSection(SolutionProperties) = preSolution
		HideSolutionNode = FALSE
	EndGlobalSection
	GlobalSection(ExtensibilityGlobals) = postSolution
		SolutionGuid = {0047FF75-4B0B-4D5B-A80B-5EF6C8F4C17F}
	EndGlobalSection
EndGlobal
